
Microsoft Visual Studio Solution File, Format Version 12.00
# Visual Studio Version 17
VisualStudioVersion = 17.4.33122.133
MinimumVisualStudioVersion = 10.0.40219.1
Project("{FAE04EC0-301F-11D3-BF4B-00C04F79EFBC}") = "JwtWebApi", "JwtWebApi.csproj", "{867B2D39-2EA1-45BC-B5F8-7A22B4DE5394}"
EndProject
Global
	GlobalSection(SolutionConfigurationPlatforms) = preSolution
		Debug|Any CPU = Debug|Any CPU
		Release|Any CPU = Release|Any CPU
	EndGlobalSection
	GlobalSection(ProjectConfigurationPlatforms) = postSolution
		{867B2D39-2EA1-45BC-B5F8-7A22B4DE5394}.Debug|Any CPU.ActiveCfg = Debug|Any CPU
		{867B2D39-2EA1-45BC-B5F8-7A22B4DE5394}.Debug|Any CPU.Build.0 = Debug|Any CPU
		{867B2D39-2EA1-45BC-B5F8-7A22B4DE5394}.Release|Any CPU.ActiveCfg = Release|Any CPU
		{867B2D39-2EA1-45BC-B5F8-7A22B4DE5394}.Release|Any CPU.Build.0 = Release|Any CPU
	EndGlobalSection
	GlobalSection(SolutionProperties) = preSolution
		HideSolutionNode = FALSE
	EndGlobalSection
	GlobalSection(ExtensibilityGlobals) = postSolution
		SolutionGuid = {4BB5EDE6-3FBB-4764-872D-02D75C2F5068}
	EndGlobalSection
EndGlobal
